
Microsoft Visual Studio Solution File, Format Version 12.00
# Visual Studio 15
VisualStudioVersion = 15.0.27004.2002
MinimumVisualStudioVersion = 10.0.40219.1
Project("{FAE04EC0-301F-11D3-BF4B-00C04F79EFBC}") = "CharityMarathon", "CharityMarathon\CharityMarathon.csproj", "{FF6A8EFF-5FB1-4ED5-A347-4BB742420404}"
EndProject
Project("{FAE04EC0-301F-11D3-BF4B-00C04F79EFBC}") = "LadyBugs", "LadyBugs\LadyBugs.csproj", "{868429C4-4BAC-4B43-846A-245836C30C23}"
EndProject
Project("{FAE04EC0-301F-11D3-BF4B-00C04F79EFBC}") = "ConsoleApp1", "ConsoleApp1\ConsoleApp1.csproj", "{D19CC924-6A16-4498-AA1D-EB73A8E4B7D9}"
EndProject
Global
	GlobalSection(SolutionConfigurationPlatforms) = preSolution
		Debug|Any CPU = Debug|Any CPU
		Release|Any CPU = Release|Any CPU
	EndGlobalSection
	GlobalSection(ProjectConfigurationPlatforms) = postSolution
		{FF6A8EFF-5FB1-4ED5-A347-4BB742420404}.Debug|Any CPU.ActiveCfg = Debug|Any CPU
		{FF6A8EFF-5FB1-4ED5-A347-4BB742420404}.Debug|Any CPU.Build.0 = Debug|Any CPU
		{FF6A8EFF-5FB1-4ED5-A347-4BB742420404}.Release|Any CPU.ActiveCfg = Release|Any CPU
		{FF6A8EFF-5FB1-4ED5-A347-4BB742420404}.Release|Any CPU.Build.0 = Release|Any CPU
		{868429C4-4BAC-4B43-846A-245836C30C23}.Debug|Any CPU.ActiveCfg = Debug|Any CPU
		{868429C4-4BAC-4B43-846A-245836C30C23}.Debug|Any CPU.Build.0 = Debug|Any CPU
		{868429C4-4BAC-4B43-846A-245836C30C23}.Release|Any CPU.ActiveCfg = Release|Any CPU
		{868429C4-4BAC-4B43-846A-245836C30C23}.Release|Any CPU.Build.0 = Release|Any CPU
		{D19CC924-6A16-4498-AA1D-EB73A8E4B7D9}.Debug|Any CPU.ActiveCfg = Debug|Any CPU
		{D19CC924-6A16-4498-AA1D-EB73A8E4B7D9}.Debug|Any CPU.Build.0 = Debug|Any CPU
		{D19CC924-6A16-4498-AA1D-EB73A8E4B7D9}.Release|Any CPU.ActiveCfg = Release|Any CPU
		{D19CC924-6A16-4498-AA1D-EB73A8E4B7D9}.Release|Any CPU.Build.0 = Release|Any CPU
	EndGlobalSection
	GlobalSection(SolutionProperties) = preSolution
		HideSolutionNode = FALSE
	EndGlobalSection
	GlobalSection(ExtensibilityGlobals) = postSolution
		SolutionGuid = {892612BA-D0DA-4E82-8706-E8A530728FB2}
	EndGlobalSection
EndGlobal
