
Microsoft Visual Studio Solution File, Format Version 12.00
# Visual Studio 15
VisualStudioVersion = 15.0.26730.16
MinimumVisualStudioVersion = 10.0.40219.1
Project("{FAE04EC0-301F-11D3-BF4B-00C04F79EFBC}") = "Type Boundaries", "Type Boundaries\Type Boundaries.csproj", "{4BF51667-1DA1-4A9A-82C4-2D14F17D9602}"
EndProject
Project("{FAE04EC0-301F-11D3-BF4B-00C04F79EFBC}") = "Number Checker", "Number Checker\Number Checker.csproj", "{EE1FFFA8-5A32-4D08-A95B-7A07C25013F5}"
EndProject
Project("{FAE04EC0-301F-11D3-BF4B-00C04F79EFBC}") = "Water Overflow", "Water Overflow\Water Overflow.csproj", "{37751D2E-78B2-4C2D-848A-7A0508DB9A1B}"
EndProject
Project("{FAE04EC0-301F-11D3-BF4B-00C04F79EFBC}") = "Tourist Information", "Tourist Information\Tourist Information.csproj", "{F2C2487C-675D-4D7F-B02B-2B9ED5CA38C6}"
EndProject
Project("{FAE04EC0-301F-11D3-BF4B-00C04F79EFBC}") = "Weather Forecast", "Weather Forecast\Weather Forecast.csproj", "{15A5467D-F62F-4FB5-A8CC-111BBB6243A2}"
EndProject
Project("{FAE04EC0-301F-11D3-BF4B-00C04F79EFBC}") = "Catch The Thief", "Catch The Thief\Catch The Thief.csproj", "{08DF0F92-5958-40F7-944B-E74214FB5FC3}"
EndProject
Project("{FAE04EC0-301F-11D3-BF4B-00C04F79EFBC}") = "Sentence The Thief", "Sentence The Thief\Sentence The Thief.csproj", "{FF76971D-9B08-4843-9D46-35D9A1CB4E5F}"
EndProject
Project("{FAE04EC0-301F-11D3-BF4B-00C04F79EFBC}") = "House Builder", "House Builder\House Builder.csproj", "{A5AD6751-A52F-4026-A741-82E53BB544C7}"
EndProject
Project("{FAE04EC0-301F-11D3-BF4B-00C04F79EFBC}") = "Make A Word", "Make A Word\Make A Word.csproj", "{789E77CC-B789-41E1-97C4-3C0FB6CCB5A4}"
EndProject
Project("{FAE04EC0-301F-11D3-BF4B-00C04F79EFBC}") = "Sum of Chars", "Sum of Chars\Sum of Chars.csproj", "{10849906-3C13-441B-9FD1-7E7F3642AE4F}"
EndProject
Project("{FAE04EC0-301F-11D3-BF4B-00C04F79EFBC}") = "String Concatenation", "String Concatenation\String Concatenation.csproj", "{4CCE27F8-1546-46C8-B3A3-6A4CE6474B88}"
EndProject
Project("{FAE04EC0-301F-11D3-BF4B-00C04F79EFBC}") = "Beer Kegs", "Beer Kegs\Beer Kegs.csproj", "{20A078C7-35EB-41B0-B472-F94828FAC3BA}"
EndProject
Project("{FAE04EC0-301F-11D3-BF4B-00C04F79EFBC}") = "Decrypting Messages", "Decrypting Messages\Decrypting Messages.csproj", "{F5AF8003-01EE-4A23-8888-BAF8B133039A}"
EndProject
Project("{FAE04EC0-301F-11D3-BF4B-00C04F79EFBC}") = "Boat Simulator", "Boat Simulator\Boat Simulator.csproj", "{A2855B06-014D-4C5E-9BB3-F6E71AEE0F58}"
EndProject
Project("{FAE04EC0-301F-11D3-BF4B-00C04F79EFBC}") = "Balanced Brackets", "Balanced Brackets\Balanced Brackets.csproj", "{57BAE2DD-EDFF-4950-98E9-458F2C738611}"
EndProject
Global
	GlobalSection(SolutionConfigurationPlatforms) = preSolution
		Debug|Any CPU = Debug|Any CPU
		Release|Any CPU = Release|Any CPU
	EndGlobalSection
	GlobalSection(ProjectConfigurationPlatforms) = postSolution
		{4BF51667-1DA1-4A9A-82C4-2D14F17D9602}.Debug|Any CPU.ActiveCfg = Debug|Any CPU
		{4BF51667-1DA1-4A9A-82C4-2D14F17D9602}.Debug|Any CPU.Build.0 = Debug|Any CPU
		{4BF51667-1DA1-4A9A-82C4-2D14F17D9602}.Release|Any CPU.ActiveCfg = Release|Any CPU
		{4BF51667-1DA1-4A9A-82C4-2D14F17D9602}.Release|Any CPU.Build.0 = Release|Any CPU
		{EE1FFFA8-5A32-4D08-A95B-7A07C25013F5}.Debug|Any CPU.ActiveCfg = Debug|Any CPU
		{EE1FFFA8-5A32-4D08-A95B-7A07C25013F5}.Debug|Any CPU.Build.0 = Debug|Any CPU
		{EE1FFFA8-5A32-4D08-A95B-7A07C25013F5}.Release|Any CPU.ActiveCfg = Release|Any CPU
		{EE1FFFA8-5A32-4D08-A95B-7A07C25013F5}.Release|Any CPU.Build.0 = Release|Any CPU
		{37751D2E-78B2-4C2D-848A-7A0508DB9A1B}.Debug|Any CPU.ActiveCfg = Debug|Any CPU
		{37751D2E-78B2-4C2D-848A-7A0508DB9A1B}.Debug|Any CPU.Build.0 = Debug|Any CPU
		{37751D2E-78B2-4C2D-848A-7A0508DB9A1B}.Release|Any CPU.ActiveCfg = Release|Any CPU
		{37751D2E-78B2-4C2D-848A-7A0508DB9A1B}.Release|Any CPU.Build.0 = Release|Any CPU
		{F2C2487C-675D-4D7F-B02B-2B9ED5CA38C6}.Debug|Any CPU.ActiveCfg = Debug|Any CPU
		{F2C2487C-675D-4D7F-B02B-2B9ED5CA38C6}.Debug|Any CPU.Build.0 = Debug|Any CPU
		{F2C2487C-675D-4D7F-B02B-2B9ED5CA38C6}.Release|Any CPU.ActiveCfg = Release|Any CPU
		{F2C2487C-675D-4D7F-B02B-2B9ED5CA38C6}.Release|Any CPU.Build.0 = Release|Any CPU
		{15A5467D-F62F-4FB5-A8CC-111BBB6243A2}.Debug|Any CPU.ActiveCfg = Debug|Any CPU
		{15A5467D-F62F-4FB5-A8CC-111BBB6243A2}.Debug|Any CPU.Build.0 = Debug|Any CPU
		{15A5467D-F62F-4FB5-A8CC-111BBB6243A2}.Release|Any CPU.ActiveCfg = Release|Any CPU
		{15A5467D-F62F-4FB5-A8CC-111BBB6243A2}.Release|Any CPU.Build.0 = Release|Any CPU
		{08DF0F92-5958-40F7-944B-E74214FB5FC3}.Debug|Any CPU.ActiveCfg = Debug|Any CPU
		{08DF0F92-5958-40F7-944B-E74214FB5FC3}.Debug|Any CPU.Build.0 = Debug|Any CPU
		{08DF0F92-5958-40F7-944B-E74214FB5FC3}.Release|Any CPU.ActiveCfg = Release|Any CPU
		{08DF0F92-5958-40F7-944B-E74214FB5FC3}.Release|Any CPU.Build.0 = Release|Any CPU
		{FF76971D-9B08-4843-9D46-35D9A1CB4E5F}.Debug|Any CPU.ActiveCfg = Debug|Any CPU
		{FF76971D-9B08-4843-9D46-35D9A1CB4E5F}.Debug|Any CPU.Build.0 = Debug|Any CPU
		{FF76971D-9B08-4843-9D46-35D9A1CB4E5F}.Release|Any CPU.ActiveCfg = Release|Any CPU
		{FF76971D-9B08-4843-9D46-35D9A1CB4E5F}.Release|Any CPU.Build.0 = Release|Any CPU
		{A5AD6751-A52F-4026-A741-82E53BB544C7}.Debug|Any CPU.ActiveCfg = Debug|Any CPU
		{A5AD6751-A52F-4026-A741-82E53BB544C7}.Debug|Any CPU.Build.0 = Debug|Any CPU
		{A5AD6751-A52F-4026-A741-82E53BB544C7}.Release|Any CPU.ActiveCfg = Release|Any CPU
		{A5AD6751-A52F-4026-A741-82E53BB544C7}.Release|Any CPU.Build.0 = Release|Any CPU
		{789E77CC-B789-41E1-97C4-3C0FB6CCB5A4}.Debug|Any CPU.ActiveCfg = Debug|Any CPU
		{789E77CC-B789-41E1-97C4-3C0FB6CCB5A4}.Debug|Any CPU.Build.0 = Debug|Any CPU
		{789E77CC-B789-41E1-97C4-3C0FB6CCB5A4}.Release|Any CPU.ActiveCfg = Release|Any CPU
		{789E77CC-B789-41E1-97C4-3C0FB6CCB5A4}.Release|Any CPU.Build.0 = Release|Any CPU
		{10849906-3C13-441B-9FD1-7E7F3642AE4F}.Debug|Any CPU.ActiveCfg = Debug|Any CPU
		{10849906-3C13-441B-9FD1-7E7F3642AE4F}.Debug|Any CPU.Build.0 = Debug|Any CPU
		{10849906-3C13-441B-9FD1-7E7F3642AE4F}.Release|Any CPU.ActiveCfg = Release|Any CPU
		{10849906-3C13-441B-9FD1-7E7F3642AE4F}.Release|Any CPU.Build.0 = Release|Any CPU
		{4CCE27F8-1546-46C8-B3A3-6A4CE6474B88}.Debug|Any CPU.ActiveCfg = Debug|Any CPU
		{4CCE27F8-1546-46C8-B3A3-6A4CE6474B88}.Debug|Any CPU.Build.0 = Debug|Any CPU
		{4CCE27F8-1546-46C8-B3A3-6A4CE6474B88}.Release|Any CPU.ActiveCfg = Release|Any CPU
		{4CCE27F8-1546-46C8-B3A3-6A4CE6474B88}.Release|Any CPU.Build.0 = Release|Any CPU
		{20A078C7-35EB-41B0-B472-F94828FAC3BA}.Debug|Any CPU.ActiveCfg = Debug|Any CPU
		{20A078C7-35EB-41B0-B472-F94828FAC3BA}.Debug|Any CPU.Build.0 = Debug|Any CPU
		{20A078C7-35EB-41B0-B472-F94828FAC3BA}.Release|Any CPU.ActiveCfg = Release|Any CPU
		{20A078C7-35EB-41B0-B472-F94828FAC3BA}.Release|Any CPU.Build.0 = Release|Any CPU
		{F5AF8003-01EE-4A23-8888-BAF8B133039A}.Debug|Any CPU.ActiveCfg = Debug|Any CPU
		{F5AF8003-01EE-4A23-8888-BAF8B133039A}.Debug|Any CPU.Build.0 = Debug|Any CPU
		{F5AF8003-01EE-4A23-8888-BAF8B133039A}.Release|Any CPU.ActiveCfg = Release|Any CPU
		{F5AF8003-01EE-4A23-8888-BAF8B133039A}.Release|Any CPU.Build.0 = Release|Any CPU
		{A2855B06-014D-4C5E-9BB3-F6E71AEE0F58}.Debug|Any CPU.ActiveCfg = Debug|Any CPU
		{A2855B06-014D-4C5E-9BB3-F6E71AEE0F58}.Debug|Any CPU.Build.0 = Debug|Any CPU
		{A2855B06-014D-4C5E-9BB3-F6E71AEE0F58}.Release|Any CPU.ActiveCfg = Release|Any CPU
		{A2855B06-014D-4C5E-9BB3-F6E71AEE0F58}.Release|Any CPU.Build.0 = Release|Any CPU
		{57BAE2DD-EDFF-4950-98E9-458F2C738611}.Debug|Any CPU.ActiveCfg = Debug|Any CPU
		{57BAE2DD-EDFF-4950-98E9-458F2C738611}.Debug|Any CPU.Build.0 = Debug|Any CPU
		{57BAE2DD-EDFF-4950-98E9-458F2C738611}.Release|Any CPU.ActiveCfg = Release|Any CPU
		{57BAE2DD-EDFF-4950-98E9-458F2C738611}.Release|Any CPU.Build.0 = Release|Any CPU
	EndGlobalSection
	GlobalSection(SolutionProperties) = preSolution
		HideSolutionNode = FALSE
	EndGlobalSection
	GlobalSection(ExtensibilityGlobals) = postSolution
		SolutionGuid = {B1C5F970-FC0D-46A8-B163-6F44FAF43764}
	EndGlobalSection
EndGlobal
