
Microsoft Visual Studio Solution File, Format Version 12.00
# Visual Studio 15
VisualStudioVersion = 15.0.26730.15
MinimumVisualStudioVersion = 10.0.40219.1
Project("{FAE04EC0-301F-11D3-BF4B-00C04F79EFBC}") = "Debit Card Number", "Debit Card Number\Debit Card Number.csproj", "{8B3208AD-CCB5-48F6-A646-032C35914283}"
EndProject
Project("{FAE04EC0-301F-11D3-BF4B-00C04F79EFBC}") = "rectangle_Area", "rectangle_Area\rectangle_Area.csproj", "{63D9673A-0212-4217-BE79-D0BDD0C70A52}"
EndProject
Project("{FAE04EC0-301F-11D3-BF4B-00C04F79EFBC}") = "miles_to_km", "miles_to_km\miles_to_km.csproj", "{CF30394C-C125-4F09-A83F-859331425AE3}"
EndProject
Project("{FAE04EC0-301F-11D3-BF4B-00C04F79EFBC}") = "beverage_labels", "beverage_labels\beverage_labels.csproj", "{C2FC99FB-1451-4B4E-8312-F99C62BD0E0C}"
EndProject
Project("{FAE04EC0-301F-11D3-BF4B-00C04F79EFBC}") = "character_Stats", "character_Stats\character_Stats.csproj", "{689DCEC1-490D-41D7-AEEC-F9A9AA9676FA}"
EndProject
Global
	GlobalSection(SolutionConfigurationPlatforms) = preSolution
		Debug|Any CPU = Debug|Any CPU
		Release|Any CPU = Release|Any CPU
	EndGlobalSection
	GlobalSection(ProjectConfigurationPlatforms) = postSolution
		{8B3208AD-CCB5-48F6-A646-032C35914283}.Debug|Any CPU.ActiveCfg = Debug|Any CPU
		{8B3208AD-CCB5-48F6-A646-032C35914283}.Debug|Any CPU.Build.0 = Debug|Any CPU
		{8B3208AD-CCB5-48F6-A646-032C35914283}.Release|Any CPU.ActiveCfg = Release|Any CPU
		{8B3208AD-CCB5-48F6-A646-032C35914283}.Release|Any CPU.Build.0 = Release|Any CPU
		{63D9673A-0212-4217-BE79-D0BDD0C70A52}.Debug|Any CPU.ActiveCfg = Debug|Any CPU
		{63D9673A-0212-4217-BE79-D0BDD0C70A52}.Debug|Any CPU.Build.0 = Debug|Any CPU
		{63D9673A-0212-4217-BE79-D0BDD0C70A52}.Release|Any CPU.ActiveCfg = Release|Any CPU
		{63D9673A-0212-4217-BE79-D0BDD0C70A52}.Release|Any CPU.Build.0 = Release|Any CPU
		{CF30394C-C125-4F09-A83F-859331425AE3}.Debug|Any CPU.ActiveCfg = Debug|Any CPU
		{CF30394C-C125-4F09-A83F-859331425AE3}.Debug|Any CPU.Build.0 = Debug|Any CPU
		{CF30394C-C125-4F09-A83F-859331425AE3}.Release|Any CPU.ActiveCfg = Release|Any CPU
		{CF30394C-C125-4F09-A83F-859331425AE3}.Release|Any CPU.Build.0 = Release|Any CPU
		{C2FC99FB-1451-4B4E-8312-F99C62BD0E0C}.Debug|Any CPU.ActiveCfg = Debug|Any CPU
		{C2FC99FB-1451-4B4E-8312-F99C62BD0E0C}.Debug|Any CPU.Build.0 = Debug|Any CPU
		{C2FC99FB-1451-4B4E-8312-F99C62BD0E0C}.Release|Any CPU.ActiveCfg = Release|Any CPU
		{C2FC99FB-1451-4B4E-8312-F99C62BD0E0C}.Release|Any CPU.Build.0 = Release|Any CPU
		{689DCEC1-490D-41D7-AEEC-F9A9AA9676FA}.Debug|Any CPU.ActiveCfg = Debug|Any CPU
		{689DCEC1-490D-41D7-AEEC-F9A9AA9676FA}.Debug|Any CPU.Build.0 = Debug|Any CPU
		{689DCEC1-490D-41D7-AEEC-F9A9AA9676FA}.Release|Any CPU.ActiveCfg = Release|Any CPU
		{689DCEC1-490D-41D7-AEEC-F9A9AA9676FA}.Release|Any CPU.Build.0 = Release|Any CPU
	EndGlobalSection
	GlobalSection(SolutionProperties) = preSolution
		HideSolutionNode = FALSE
	EndGlobalSection
	GlobalSection(ExtensibilityGlobals) = postSolution
		SolutionGuid = {1D11ABED-0E31-4E30-A7FF-E483D684A155}
	EndGlobalSection
EndGlobal
